
Microsoft Visual Studio Solution File, Format Version 12.00
# Visual Studio 15
VisualStudioVersion = 15.0.28307.421
MinimumVisualStudioVersion = 10.0.40219.1
Project("{9A19103F-16F7-4668-BE54-9A1E7A4F7556}") = "iNomNomMenuApi", "iNomNomMenuApi\iNomNomMenuApi.csproj", "{F93F7387-A6AF-461F-82E0-E520BB361F69}"
EndProject
Project("{9A19103F-16F7-4668-BE54-9A1E7A4F7556}") = "Domain", "Domain\Domain.csproj", "{54A1848A-3B42-4AAB-9184-58434C4BB1D1}"
EndProject
Project("{9A19103F-16F7-4668-BE54-9A1E7A4F7556}") = "Repositories", "Repositories\Repositories.csproj", "{365F73BF-AFF4-4DB3-941F-3C886BCFEB96}"
EndProject
Project("{2150E333-8FDC-42A3-9474-1A3956D46DE8}") = "Tests", "Tests", "{725C1874-A381-46A0-AF00-ED13E2FB1EBD}"
EndProject
Project("{FAE04EC0-301F-11D3-BF4B-00C04F79EFBC}") = "IntegrationTests", "IntegrationTests\IntegrationTests.csproj", "{9A722B43-C35D-440D-8A8B-4F11EF90483B}"
EndProject
Project("{FAE04EC0-301F-11D3-BF4B-00C04F79EFBC}") = "TestObjects", "TestObjects\TestObjects.csproj", "{54831C3A-0A67-4C2B-A6C6-5B5E73FE8343}"
EndProject
Global
	GlobalSection(SolutionConfigurationPlatforms) = preSolution
		Debug|Any CPU = Debug|Any CPU
		Release|Any CPU = Release|Any CPU
	EndGlobalSection
	GlobalSection(ProjectConfigurationPlatforms) = postSolution
		{F93F7387-A6AF-461F-82E0-E520BB361F69}.Debug|Any CPU.ActiveCfg = Debug|Any CPU
		{F93F7387-A6AF-461F-82E0-E520BB361F69}.Debug|Any CPU.Build.0 = Debug|Any CPU
		{F93F7387-A6AF-461F-82E0-E520BB361F69}.Release|Any CPU.ActiveCfg = Release|Any CPU
		{F93F7387-A6AF-461F-82E0-E520BB361F69}.Release|Any CPU.Build.0 = Release|Any CPU
		{54A1848A-3B42-4AAB-9184-58434C4BB1D1}.Debug|Any CPU.ActiveCfg = Debug|Any CPU
		{54A1848A-3B42-4AAB-9184-58434C4BB1D1}.Debug|Any CPU.Build.0 = Debug|Any CPU
		{54A1848A-3B42-4AAB-9184-58434C4BB1D1}.Release|Any CPU.ActiveCfg = Release|Any CPU
		{54A1848A-3B42-4AAB-9184-58434C4BB1D1}.Release|Any CPU.Build.0 = Release|Any CPU
		{365F73BF-AFF4-4DB3-941F-3C886BCFEB96}.Debug|Any CPU.ActiveCfg = Debug|Any CPU
		{365F73BF-AFF4-4DB3-941F-3C886BCFEB96}.Debug|Any CPU.Build.0 = Debug|Any CPU
		{365F73BF-AFF4-4DB3-941F-3C886BCFEB96}.Release|Any CPU.ActiveCfg = Release|Any CPU
		{365F73BF-AFF4-4DB3-941F-3C886BCFEB96}.Release|Any CPU.Build.0 = Release|Any CPU
		{9A722B43-C35D-440D-8A8B-4F11EF90483B}.Debug|Any CPU.ActiveCfg = Debug|Any CPU
		{9A722B43-C35D-440D-8A8B-4F11EF90483B}.Debug|Any CPU.Build.0 = Debug|Any CPU
		{9A722B43-C35D-440D-8A8B-4F11EF90483B}.Release|Any CPU.ActiveCfg = Release|Any CPU
		{9A722B43-C35D-440D-8A8B-4F11EF90483B}.Release|Any CPU.Build.0 = Release|Any CPU
		{54831C3A-0A67-4C2B-A6C6-5B5E73FE8343}.Debug|Any CPU.ActiveCfg = Debug|Any CPU
		{54831C3A-0A67-4C2B-A6C6-5B5E73FE8343}.Debug|Any CPU.Build.0 = Debug|Any CPU
		{54831C3A-0A67-4C2B-A6C6-5B5E73FE8343}.Release|Any CPU.ActiveCfg = Release|Any CPU
		{54831C3A-0A67-4C2B-A6C6-5B5E73FE8343}.Release|Any CPU.Build.0 = Release|Any CPU
	EndGlobalSection
	GlobalSection(SolutionProperties) = preSolution
		HideSolutionNode = FALSE
	EndGlobalSection
	GlobalSection(NestedProjects) = preSolution
		{9A722B43-C35D-440D-8A8B-4F11EF90483B} = {725C1874-A381-46A0-AF00-ED13E2FB1EBD}
		{54831C3A-0A67-4C2B-A6C6-5B5E73FE8343} = {725C1874-A381-46A0-AF00-ED13E2FB1EBD}
	EndGlobalSection
	GlobalSection(ExtensibilityGlobals) = postSolution
		SolutionGuid = {84CF2298-52F8-481E-8104-FE73447EC373}
	EndGlobalSection
EndGlobal
